// !$*UTF8*$!
{
	archiveVersion = 1;
	classes = {
	};
	objectVersion = 56;
	objects = {

/* Begin PBXBuildFile section */
		590AA9085723C22FCD5289AA /* Pods_task4.framework in Frameworks */ = {isa = PBXBuildFile; fileRef = F7F589BE12D7362054E92066 /* Pods_task4.framework */; };
		A804F988297960EE005B246E /* MainPresenter.swift in Sources */ = {isa = PBXBuildFile; fileRef = A804F981297960EE005B246E /* MainPresenter.swift */; };
		A804F989297960EE005B246E /* MainWorker.swift in Sources */ = {isa = PBXBuildFile; fileRef = A804F982297960EE005B246E /* MainWorker.swift */; };
		A804F98A297960EE005B246E /* MainRouter.swift in Sources */ = {isa = PBXBuildFile; fileRef = A804F983297960EE005B246E /* MainRouter.swift */; };
		A804F98B297960EE005B246E /* MainModels.swift in Sources */ = {isa = PBXBuildFile; fileRef = A804F984297960EE005B246E /* MainModels.swift */; };
		A804F98C297960EE005B246E /* MainViewController.swift in Sources */ = {isa = PBXBuildFile; fileRef = A804F985297960EE005B246E /* MainViewController.swift */; };
		A804F98D297960EE005B246E /* MainInteractor.swift in Sources */ = {isa = PBXBuildFile; fileRef = A804F986297960EE005B246E /* MainInteractor.swift */; };
		A804F997297AB86C005B246E /* DetailPresenter.swift in Sources */ = {isa = PBXBuildFile; fileRef = A804F990297AB86B005B246E /* DetailPresenter.swift */; };
		A804F999297AB86C005B246E /* DetailRouter.swift in Sources */ = {isa = PBXBuildFile; fileRef = A804F992297AB86C005B246E /* DetailRouter.swift */; };
		A804F99A297AB86C005B246E /* DetailModels.swift in Sources */ = {isa = PBXBuildFile; fileRef = A804F993297AB86C005B246E /* DetailModels.swift */; };
		A804F99B297AB86C005B246E /* DetailViewController.swift in Sources */ = {isa = PBXBuildFile; fileRef = A804F994297AB86C005B246E /* DetailViewController.swift */; };
		A804F99C297AB86C005B246E /* DetailInteractor.swift in Sources */ = {isa = PBXBuildFile; fileRef = A804F995297AB86C005B246E /* DetailInteractor.swift */; };
		A806F5B9296C3D91000F7BF2 /* BankManager.swift in Sources */ = {isa = PBXBuildFile; fileRef = A806F5B8296C3D91000F7BF2 /* BankManager.swift */; };
		A80F71632972B8E200789AEE /* LoaderView.swift in Sources */ = {isa = PBXBuildFile; fileRef = A80F71622972B8E200789AEE /* LoaderView.swift */; };
		A82D737F2972DFDC00CEC1A5 /* UISegmentedControl+Ex.swift in Sources */ = {isa = PBXBuildFile; fileRef = A82D737E2972DFDB00CEC1A5 /* UISegmentedControl+Ex.swift */; };
		A82F1CEF296870520057BAE7 /* NetworkMonitor.swift in Sources */ = {isa = PBXBuildFile; fileRef = A82F1CEE296870520057BAE7 /* NetworkMonitor.swift */; };
		A8412AEC296EF8F400F46526 /* ElementDescription.swift in Sources */ = {isa = PBXBuildFile; fileRef = A8412AEB296EF8F400F46526 /* ElementDescription.swift */; };
		A8412AEE296EFD1E00F46526 /* Array+Ex.swift in Sources */ = {isa = PBXBuildFile; fileRef = A8412AED296EFD1E00F46526 /* Array+Ex.swift */; };
		A86EACCB296FF9470059777D /* CLLocationManager+Ex.swift in Sources */ = {isa = PBXBuildFile; fileRef = A86EACCA296FF9470059777D /* CLLocationManager+Ex.swift */; };
		A8726071295DE65F00666DB9 /* MKMapView+Ex.swift in Sources */ = {isa = PBXBuildFile; fileRef = A8726070295DE65F00666DB9 /* MKMapView+Ex.swift */; };
		A8726074295DFF8A00666DB9 /* ElementAnnotation.swift in Sources */ = {isa = PBXBuildFile; fileRef = A8726073295DFF8A00666DB9 /* ElementAnnotation.swift */; };
		A872743D2977E5D800DE3DCC /* CoreDataManager.swift in Sources */ = {isa = PBXBuildFile; fileRef = A872743C2977E5D800DE3DCC /* CoreDataManager.swift */; };
		A87274412977EFB800DE3DCC /* StoreElements.xcdatamodeld in Sources */ = {isa = PBXBuildFile; fileRef = A872743F2977EFB800DE3DCC /* StoreElements.xcdatamodeld */; };
		A87274482977FC6600DE3DCC /* StoreInfobox+CoreDataClass.swift in Sources */ = {isa = PBXBuildFile; fileRef = A87274422977FC6600DE3DCC /* StoreInfobox+CoreDataClass.swift */; };
		A87274492977FC6600DE3DCC /* StoreInfobox+CoreDataProperties.swift in Sources */ = {isa = PBXBuildFile; fileRef = A87274432977FC6600DE3DCC /* StoreInfobox+CoreDataProperties.swift */; };
		A872744A2977FC6600DE3DCC /* StoreFilial+CoreDataClass.swift in Sources */ = {isa = PBXBuildFile; fileRef = A87274442977FC6600DE3DCC /* StoreFilial+CoreDataClass.swift */; };
		A872744B2977FC6600DE3DCC /* StoreFilial+CoreDataProperties.swift in Sources */ = {isa = PBXBuildFile; fileRef = A87274452977FC6600DE3DCC /* StoreFilial+CoreDataProperties.swift */; };
		A872744C2977FC6600DE3DCC /* StoreATM+CoreDataClass.swift in Sources */ = {isa = PBXBuildFile; fileRef = A87274462977FC6600DE3DCC /* StoreATM+CoreDataClass.swift */; };
		A872744D2977FC6600DE3DCC /* StoreATM+CoreDataProperties.swift in Sources */ = {isa = PBXBuildFile; fileRef = A87274472977FC6600DE3DCC /* StoreATM+CoreDataProperties.swift */; };
		A8727450297836B400DE3DCC /* StoreElement.swift in Sources */ = {isa = PBXBuildFile; fileRef = A872744F297836B400DE3DCC /* StoreElement.swift */; };
		A87917B0296AA4B300B45435 /* ViewController+Ex.swift in Sources */ = {isa = PBXBuildFile; fileRef = A87917AF296AA4B300B45435 /* ViewController+Ex.swift */; };
		A8AAA528296C4DC100642B4A /* Infobox.swift in Sources */ = {isa = PBXBuildFile; fileRef = A8AAA527296C4DC100642B4A /* Infobox.swift */; };
		A8AAA52A296C4DE700642B4A /* Filial.swift in Sources */ = {isa = PBXBuildFile; fileRef = A8AAA529296C4DE700642B4A /* Filial.swift */; };
		A8AAA52E296D441F00642B4A /* BankElements.swift in Sources */ = {isa = PBXBuildFile; fileRef = A8AAA52D296D441F00642B4A /* BankElements.swift */; };
		A8AAA530296D946F00642B4A /* ElementResponse.swift in Sources */ = {isa = PBXBuildFile; fileRef = A8AAA52F296D946F00642B4A /* ElementResponse.swift */; };
		A8B5F3982969C83A00D097C4 /* DisplayType.swift in Sources */ = {isa = PBXBuildFile; fileRef = A8B5F3972969C83A00D097C4 /* DisplayType.swift */; };
		A8B5F39A2969CFC200D097C4 /* UIButton+Ex.swift in Sources */ = {isa = PBXBuildFile; fileRef = A8B5F3992969CFC200D097C4 /* UIButton+Ex.swift */; };
		A8B71EFF297148260056B839 /* CheckboxView.swift in Sources */ = {isa = PBXBuildFile; fileRef = A8B71EFE297148260056B839 /* CheckboxView.swift */; };
		A8B71F03297159BF0056B839 /* CheckboxButton.swift in Sources */ = {isa = PBXBuildFile; fileRef = A8B71F02297159BF0056B839 /* CheckboxButton.swift */; };
		A8C2AEBC296567E000E375E5 /* ATM.swift in Sources */ = {isa = PBXBuildFile; fileRef = A8C2AEBB296567E000E375E5 /* ATM.swift */; };
		A8C2AEBE29659F5B00E375E5 /* ElementAnnotationView.swift in Sources */ = {isa = PBXBuildFile; fileRef = A8C2AEBD29659F5B00E375E5 /* ElementAnnotationView.swift */; };
		A8C2AEC12965D05700E375E5 /* SecondViewController.swift in Sources */ = {isa = PBXBuildFile; fileRef = A8C2AEC02965D05700E375E5 /* SecondViewController.swift */; };
		A8C2AEC329671A3F00E375E5 /* SectionHeaderView.swift in Sources */ = {isa = PBXBuildFile; fileRef = A8C2AEC229671A3F00E375E5 /* SectionHeaderView.swift */; };
		A8C2AEC529671DFF00E375E5 /* ElementViewCell.swift in Sources */ = {isa = PBXBuildFile; fileRef = A8C2AEC429671DFF00E375E5 /* ElementViewCell.swift */; };
		A8E5F921295C3C2700B18A0B /* AppDelegate.swift in Sources */ = {isa = PBXBuildFile; fileRef = A8E5F920295C3C2700B18A0B /* AppDelegate.swift */; };
		A8E5F923295C3C2700B18A0B /* SceneDelegate.swift in Sources */ = {isa = PBXBuildFile; fileRef = A8E5F922295C3C2700B18A0B /* SceneDelegate.swift */; };
		A8E5F925295C3C2700B18A0B /* FirstViewController.swift in Sources */ = {isa = PBXBuildFile; fileRef = A8E5F924295C3C2700B18A0B /* FirstViewController.swift */; };
		A8E5F92A295C3C2900B18A0B /* Assets.xcassets in Resources */ = {isa = PBXBuildFile; fileRef = A8E5F929295C3C2900B18A0B /* Assets.xcassets */; };
		A8E5F92D295C3C2900B18A0B /* LaunchScreen.storyboard in Resources */ = {isa = PBXBuildFile; fileRef = A8E5F92B295C3C2900B18A0B /* LaunchScreen.storyboard */; };
		A8F2185A295CB63C00447A18 /* NetworkService.swift in Sources */ = {isa = PBXBuildFile; fileRef = A8F21859295CB63C00447A18 /* NetworkService.swift */; };
/* End PBXBuildFile section */

/* Begin PBXFileReference section */
		86C81AE4C38043A42C4AB06B /* Pods-task4.debug.xcconfig */ = {isa = PBXFileReference; includeInIndex = 1; lastKnownFileType = text.xcconfig; name = "Pods-task4.debug.xcconfig"; path = "Target Support Files/Pods-task4/Pods-task4.debug.xcconfig"; sourceTree = "<group>"; };
		A804F981297960EE005B246E /* MainPresenter.swift */ = {isa = PBXFileReference; lastKnownFileType = sourcecode.swift; path = MainPresenter.swift; sourceTree = "<group>"; };
		A804F982297960EE005B246E /* MainWorker.swift */ = {isa = PBXFileReference; lastKnownFileType = sourcecode.swift; path = MainWorker.swift; sourceTree = "<group>"; };
		A804F983297960EE005B246E /* MainRouter.swift */ = {isa = PBXFileReference; lastKnownFileType = sourcecode.swift; path = MainRouter.swift; sourceTree = "<group>"; };
		A804F984297960EE005B246E /* MainModels.swift */ = {isa = PBXFileReference; lastKnownFileType = sourcecode.swift; path = MainModels.swift; sourceTree = "<group>"; };
		A804F985297960EE005B246E /* MainViewController.swift */ = {isa = PBXFileReference; lastKnownFileType = sourcecode.swift; path = MainViewController.swift; sourceTree = "<group>"; };
		A804F986297960EE005B246E /* MainInteractor.swift */ = {isa = PBXFileReference; lastKnownFileType = sourcecode.swift; path = MainInteractor.swift; sourceTree = "<group>"; };
		A804F990297AB86B005B246E /* DetailPresenter.swift */ = {isa = PBXFileReference; lastKnownFileType = sourcecode.swift; path = DetailPresenter.swift; sourceTree = "<group>"; };
		A804F992297AB86C005B246E /* DetailRouter.swift */ = {isa = PBXFileReference; lastKnownFileType = sourcecode.swift; path = DetailRouter.swift; sourceTree = "<group>"; };
		A804F993297AB86C005B246E /* DetailModels.swift */ = {isa = PBXFileReference; lastKnownFileType = sourcecode.swift; path = DetailModels.swift; sourceTree = "<group>"; };
		A804F994297AB86C005B246E /* DetailViewController.swift */ = {isa = PBXFileReference; lastKnownFileType = sourcecode.swift; path = DetailViewController.swift; sourceTree = "<group>"; };
		A804F995297AB86C005B246E /* DetailInteractor.swift */ = {isa = PBXFileReference; lastKnownFileType = sourcecode.swift; path = DetailInteractor.swift; sourceTree = "<group>"; };
		A806F5B8296C3D91000F7BF2 /* BankManager.swift */ = {isa = PBXFileReference; lastKnownFileType = sourcecode.swift; path = BankManager.swift; sourceTree = "<group>"; };
		A80F71622972B8E200789AEE /* LoaderView.swift */ = {isa = PBXFileReference; lastKnownFileType = sourcecode.swift; path = LoaderView.swift; sourceTree = "<group>"; };
		A82D737E2972DFDB00CEC1A5 /* UISegmentedControl+Ex.swift */ = {isa = PBXFileReference; lastKnownFileType = sourcecode.swift; path = "UISegmentedControl+Ex.swift"; sourceTree = "<group>"; };
		A82F1CEE296870520057BAE7 /* NetworkMonitor.swift */ = {isa = PBXFileReference; lastKnownFileType = sourcecode.swift; path = NetworkMonitor.swift; sourceTree = "<group>"; };
		A8412AEB296EF8F400F46526 /* ElementDescription.swift */ = {isa = PBXFileReference; lastKnownFileType = sourcecode.swift; path = ElementDescription.swift; sourceTree = "<group>"; };
		A8412AED296EFD1E00F46526 /* Array+Ex.swift */ = {isa = PBXFileReference; lastKnownFileType = sourcecode.swift; path = "Array+Ex.swift"; sourceTree = "<group>"; };
		A86EACCA296FF9470059777D /* CLLocationManager+Ex.swift */ = {isa = PBXFileReference; lastKnownFileType = sourcecode.swift; path = "CLLocationManager+Ex.swift"; sourceTree = "<group>"; };
		A8726070295DE65F00666DB9 /* MKMapView+Ex.swift */ = {isa = PBXFileReference; lastKnownFileType = sourcecode.swift; path = "MKMapView+Ex.swift"; sourceTree = "<group>"; };
		A8726073295DFF8A00666DB9 /* ElementAnnotation.swift */ = {isa = PBXFileReference; lastKnownFileType = sourcecode.swift; path = ElementAnnotation.swift; sourceTree = "<group>"; };
		A872743C2977E5D800DE3DCC /* CoreDataManager.swift */ = {isa = PBXFileReference; lastKnownFileType = sourcecode.swift; path = CoreDataManager.swift; sourceTree = "<group>"; };
		A87274402977EFB800DE3DCC /* StoreElements.xcdatamodel */ = {isa = PBXFileReference; lastKnownFileType = wrapper.xcdatamodel; path = StoreElements.xcdatamodel; sourceTree = "<group>"; };
		A87274422977FC6600DE3DCC /* StoreInfobox+CoreDataClass.swift */ = {isa = PBXFileReference; lastKnownFileType = sourcecode.swift; path = "StoreInfobox+CoreDataClass.swift"; sourceTree = "<group>"; };
		A87274432977FC6600DE3DCC /* StoreInfobox+CoreDataProperties.swift */ = {isa = PBXFileReference; lastKnownFileType = sourcecode.swift; path = "StoreInfobox+CoreDataProperties.swift"; sourceTree = "<group>"; };
		A87274442977FC6600DE3DCC /* StoreFilial+CoreDataClass.swift */ = {isa = PBXFileReference; lastKnownFileType = sourcecode.swift; path = "StoreFilial+CoreDataClass.swift"; sourceTree = "<group>"; };
		A87274452977FC6600DE3DCC /* StoreFilial+CoreDataProperties.swift */ = {isa = PBXFileReference; lastKnownFileType = sourcecode.swift; path = "StoreFilial+CoreDataProperties.swift"; sourceTree = "<group>"; };
		A87274462977FC6600DE3DCC /* StoreATM+CoreDataClass.swift */ = {isa = PBXFileReference; lastKnownFileType = sourcecode.swift; path = "StoreATM+CoreDataClass.swift"; sourceTree = "<group>"; };
		A87274472977FC6600DE3DCC /* StoreATM+CoreDataProperties.swift */ = {isa = PBXFileReference; lastKnownFileType = sourcecode.swift; path = "StoreATM+CoreDataProperties.swift"; sourceTree = "<group>"; };
		A872744F297836B400DE3DCC /* StoreElement.swift */ = {isa = PBXFileReference; lastKnownFileType = sourcecode.swift; path = StoreElement.swift; sourceTree = "<group>"; };
		A87917AF296AA4B300B45435 /* ViewController+Ex.swift */ = {isa = PBXFileReference; lastKnownFileType = sourcecode.swift; path = "ViewController+Ex.swift"; sourceTree = "<group>"; };
		A8AAA527296C4DC100642B4A /* Infobox.swift */ = {isa = PBXFileReference; lastKnownFileType = sourcecode.swift; path = Infobox.swift; sourceTree = "<group>"; };
		A8AAA529296C4DE700642B4A /* Filial.swift */ = {isa = PBXFileReference; lastKnownFileType = sourcecode.swift; path = Filial.swift; sourceTree = "<group>"; };
		A8AAA52D296D441F00642B4A /* BankElements.swift */ = {isa = PBXFileReference; lastKnownFileType = sourcecode.swift; path = BankElements.swift; sourceTree = "<group>"; };
		A8AAA52F296D946F00642B4A /* ElementResponse.swift */ = {isa = PBXFileReference; lastKnownFileType = sourcecode.swift; path = ElementResponse.swift; sourceTree = "<group>"; };
		A8B5F3972969C83A00D097C4 /* DisplayType.swift */ = {isa = PBXFileReference; lastKnownFileType = sourcecode.swift; path = DisplayType.swift; sourceTree = "<group>"; };
		A8B5F3992969CFC200D097C4 /* UIButton+Ex.swift */ = {isa = PBXFileReference; lastKnownFileType = sourcecode.swift; path = "UIButton+Ex.swift"; sourceTree = "<group>"; };
		A8B71EFE297148260056B839 /* CheckboxView.swift */ = {isa = PBXFileReference; lastKnownFileType = sourcecode.swift; path = CheckboxView.swift; sourceTree = "<group>"; };
		A8B71F02297159BF0056B839 /* CheckboxButton.swift */ = {isa = PBXFileReference; lastKnownFileType = sourcecode.swift; path = CheckboxButton.swift; sourceTree = "<group>"; };
		A8C2AEBB296567E000E375E5 /* ATM.swift */ = {isa = PBXFileReference; lastKnownFileType = sourcecode.swift; path = ATM.swift; sourceTree = "<group>"; };
		A8C2AEBD29659F5B00E375E5 /* ElementAnnotationView.swift */ = {isa = PBXFileReference; lastKnownFileType = sourcecode.swift; path = ElementAnnotationView.swift; sourceTree = "<group>"; };
		A8C2AEC02965D05700E375E5 /* SecondViewController.swift */ = {isa = PBXFileReference; lastKnownFileType = sourcecode.swift; path = SecondViewController.swift; sourceTree = "<group>"; };
		A8C2AEC229671A3F00E375E5 /* SectionHeaderView.swift */ = {isa = PBXFileReference; lastKnownFileType = sourcecode.swift; path = SectionHeaderView.swift; sourceTree = "<group>"; };
		A8C2AEC429671DFF00E375E5 /* ElementViewCell.swift */ = {isa = PBXFileReference; lastKnownFileType = sourcecode.swift; path = ElementViewCell.swift; sourceTree = "<group>"; };
		A8E5F91D295C3C2700B18A0B /* task4.app */ = {isa = PBXFileReference; explicitFileType = wrapper.application; includeInIndex = 0; path = task4.app; sourceTree = BUILT_PRODUCTS_DIR; };
		A8E5F920295C3C2700B18A0B /* AppDelegate.swift */ = {isa = PBXFileReference; lastKnownFileType = sourcecode.swift; path = AppDelegate.swift; sourceTree = "<group>"; };
		A8E5F922295C3C2700B18A0B /* SceneDelegate.swift */ = {isa = PBXFileReference; lastKnownFileType = sourcecode.swift; path = SceneDelegate.swift; sourceTree = "<group>"; };
		A8E5F924295C3C2700B18A0B /* FirstViewController.swift */ = {isa = PBXFileReference; lastKnownFileType = sourcecode.swift; path = FirstViewController.swift; sourceTree = "<group>"; };
		A8E5F929295C3C2900B18A0B /* Assets.xcassets */ = {isa = PBXFileReference; lastKnownFileType = folder.assetcatalog; path = Assets.xcassets; sourceTree = "<group>"; };
		A8E5F92C295C3C2900B18A0B /* Base */ = {isa = PBXFileReference; lastKnownFileType = file.storyboard; name = Base; path = Base.lproj/LaunchScreen.storyboard; sourceTree = "<group>"; };
		A8E5F92E295C3C2900B18A0B /* Info.plist */ = {isa = PBXFileReference; lastKnownFileType = text.plist.xml; name = Info.plist; path = "task4/Supporting files/Info.plist"; sourceTree = SOURCE_ROOT; };
		A8F21859295CB63C00447A18 /* NetworkService.swift */ = {isa = PBXFileReference; lastKnownFileType = sourcecode.swift; path = NetworkService.swift; sourceTree = "<group>"; };
		E79DBE25C6842647A6282583 /* Pods-task4.release.xcconfig */ = {isa = PBXFileReference; includeInIndex = 1; lastKnownFileType = text.xcconfig; name = "Pods-task4.release.xcconfig"; path = "Target Support Files/Pods-task4/Pods-task4.release.xcconfig"; sourceTree = "<group>"; };
		F7F589BE12D7362054E92066 /* Pods_task4.framework */ = {isa = PBXFileReference; explicitFileType = wrapper.framework; includeInIndex = 0; path = Pods_task4.framework; sourceTree = BUILT_PRODUCTS_DIR; };
/* End PBXFileReference section */

/* Begin PBXFrameworksBuildPhase section */
		A8E5F91A295C3C2700B18A0B /* Frameworks */ = {
			isa = PBXFrameworksBuildPhase;
			buildActionMask = 2147483647;
			files = (
				590AA9085723C22FCD5289AA /* Pods_task4.framework in Frameworks */,
			);
			runOnlyForDeploymentPostprocessing = 0;
		};
/* End PBXFrameworksBuildPhase section */

/* Begin PBXGroup section */
		14606A996775253151C1D430 /* Frameworks */ = {
			isa = PBXGroup;
			children = (
				F7F589BE12D7362054E92066 /* Pods_task4.framework */,
			);
			name = Frameworks;
			sourceTree = "<group>";
		};
		A804F97E29795E76005B246E /* Screens */ = {
			isa = PBXGroup;
			children = (
				A804F980297960C6005B246E /* Main */,
				A804F98F297AB83C005B246E /* Detail */,
			);
			path = Screens;
			sourceTree = "<group>";
		};
		A804F97F297960AC005B246E /* Services */ = {
			isa = PBXGroup;
			children = (
				A8F2185E295CB73A00447A18 /* Models */,
				A806F5B7296C3D7F000F7BF2 /* Bank Manager */,
				A8F2185B295CB64200447A18 /* NetworkService */,
				A872743E2977EBFB00DE3DCC /* CoreData */,
			);
			path = Services;
			sourceTree = "<group>";
		};
		A804F980297960C6005B246E /* Main */ = {
			isa = PBXGroup;
			children = (
				A8AAA52C296D3FED00642B4A /* Annotations */,
				A8C2AEBF29659F6300E375E5 /* Views */,
				A804F985297960EE005B246E /* MainViewController.swift */,
				A804F986297960EE005B246E /* MainInteractor.swift */,
				A804F981297960EE005B246E /* MainPresenter.swift */,
				A804F984297960EE005B246E /* MainModels.swift */,
				A804F982297960EE005B246E /* MainWorker.swift */,
				A804F983297960EE005B246E /* MainRouter.swift */,
			);
			path = Main;
			sourceTree = "<group>";
		};
		A804F98F297AB83C005B246E /* Detail */ = {
			isa = PBXGroup;
			children = (
				A804F994297AB86C005B246E /* DetailViewController.swift */,
				A804F995297AB86C005B246E /* DetailInteractor.swift */,
				A804F990297AB86B005B246E /* DetailPresenter.swift */,
				A804F993297AB86C005B246E /* DetailModels.swift */,
				A804F992297AB86C005B246E /* DetailRouter.swift */,
			);
			path = Detail;
			sourceTree = "<group>";
		};
		A806F5B7296C3D7F000F7BF2 /* Bank Manager */ = {
			isa = PBXGroup;
			children = (
				A806F5B8296C3D91000F7BF2 /* BankManager.swift */,
				A8AAA52D296D441F00642B4A /* BankElements.swift */,
			);
			path = "Bank Manager";
			sourceTree = "<group>";
		};
		A82D737D2972D1AB00CEC1A5 /* CheckboxView */ = {
			isa = PBXGroup;
			children = (
				A8B71EFE297148260056B839 /* CheckboxView.swift */,
				A8B71F02297159BF0056B839 /* CheckboxButton.swift */,
			);
			path = CheckboxView;
			sourceTree = "<group>";
		};
		A8412AEA296ECA3000F46526 /* MapView */ = {
			isa = PBXGroup;
			children = (
				A8C2AEBD29659F5B00E375E5 /* ElementAnnotationView.swift */,
			);
			path = MapView;
			sourceTree = "<group>";
		};
		A8726072295DE6EA00666DB9 /* Exstensions */ = {
			isa = PBXGroup;
			children = (
				A8726070295DE65F00666DB9 /* MKMapView+Ex.swift */,
				A82D737E2972DFDB00CEC1A5 /* UISegmentedControl+Ex.swift */,
				A86EACCA296FF9470059777D /* CLLocationManager+Ex.swift */,
				A8B5F3992969CFC200D097C4 /* UIButton+Ex.swift */,
				A87917AF296AA4B300B45435 /* ViewController+Ex.swift */,
				A8412AED296EFD1E00F46526 /* Array+Ex.swift */,
			);
			path = Exstensions;
			sourceTree = "<group>";
		};
		A872743E2977EBFB00DE3DCC /* CoreData */ = {
			isa = PBXGroup;
			children = (
				A872744E2977FC7300DE3DCC /* Entities */,
				A872743C2977E5D800DE3DCC /* CoreDataManager.swift */,
				A872743F2977EFB800DE3DCC /* StoreElements.xcdatamodeld */,
			);
			path = CoreData;
			sourceTree = "<group>";
		};
		A872744E2977FC7300DE3DCC /* Entities */ = {
			isa = PBXGroup;
			children = (
				A87274422977FC6600DE3DCC /* StoreInfobox+CoreDataClass.swift */,
				A87274432977FC6600DE3DCC /* StoreInfobox+CoreDataProperties.swift */,
				A87274442977FC6600DE3DCC /* StoreFilial+CoreDataClass.swift */,
				A87274452977FC6600DE3DCC /* StoreFilial+CoreDataProperties.swift */,
				A87274462977FC6600DE3DCC /* StoreATM+CoreDataClass.swift */,
				A87274472977FC6600DE3DCC /* StoreATM+CoreDataProperties.swift */,
			);
			path = Entities;
			sourceTree = "<group>";
		};
		A8AAA52B296D3FC000642B4A /* Bank elements */ = {
			isa = PBXGroup;
			children = (
				A8C2AEBB296567E000E375E5 /* ATM.swift */,
				A8AAA527296C4DC100642B4A /* Infobox.swift */,
				A8AAA529296C4DE700642B4A /* Filial.swift */,
			);
			path = "Bank elements";
			sourceTree = "<group>";
		};
		A8AAA52C296D3FED00642B4A /* Annotations */ = {
			isa = PBXGroup;
			children = (
				A8726073295DFF8A00666DB9 /* ElementAnnotation.swift */,
			);
			path = Annotations;
			sourceTree = "<group>";
		};
		A8AAA531296D948D00642B4A /* Protocols */ = {
			isa = PBXGroup;
			children = (
				A8AAA52F296D946F00642B4A /* ElementResponse.swift */,
				A8412AEB296EF8F400F46526 /* ElementDescription.swift */,
				A872744F297836B400DE3DCC /* StoreElement.swift */,
			);
			path = Protocols;
			sourceTree = "<group>";
		};
		A8C2AEBF29659F6300E375E5 /* Views */ = {
			isa = PBXGroup;
			children = (
				A80F71622972B8E200789AEE /* LoaderView.swift */,
				A82D737D2972D1AB00CEC1A5 /* CheckboxView */,
				A8412AEA296ECA3000F46526 /* MapView */,
				A8C2AEC629671F9D00E375E5 /* CollectionView */,
			);
			path = Views;
			sourceTree = "<group>";
		};
		A8C2AEC629671F9D00E375E5 /* CollectionView */ = {
			isa = PBXGroup;
			children = (
				A8C2AEC229671A3F00E375E5 /* SectionHeaderView.swift */,
				A8C2AEC429671DFF00E375E5 /* ElementViewCell.swift */,
			);
			path = CollectionView;
			sourceTree = "<group>";
		};
		A8E5F914295C3C2700B18A0B = {
			isa = PBXGroup;
			children = (
				A8E5F91F295C3C2700B18A0B /* task4 */,
				A8E5F91E295C3C2700B18A0B /* Products */,
				E4745F531A8ACECCECF45260 /* Pods */,
				14606A996775253151C1D430 /* Frameworks */,
			);
			sourceTree = "<group>";
		};
		A8E5F91E295C3C2700B18A0B /* Products */ = {
			isa = PBXGroup;
			children = (
				A8E5F91D295C3C2700B18A0B /* task4.app */,
			);
			name = Products;
			sourceTree = "<group>";
		};
		A8E5F91F295C3C2700B18A0B /* task4 */ = {
			isa = PBXGroup;
			children = (
				A804F97E29795E76005B246E /* Screens */,
				A8E816E5295C50830014A7FD /* Controllers */,
				A804F97F297960AC005B246E /* Services */,
				A8E816E4295C505E0014A7FD /* Supporting files */,
				A8726072295DE6EA00666DB9 /* Exstensions */,
				A8AAA531296D948D00642B4A /* Protocols */,
			);
			path = task4;
			sourceTree = "<group>";
		};
		A8E816E4295C505E0014A7FD /* Supporting files */ = {
			isa = PBXGroup;
			children = (
				A8E5F920295C3C2700B18A0B /* AppDelegate.swift */,
				A8E5F922295C3C2700B18A0B /* SceneDelegate.swift */,
				A8B5F3972969C83A00D097C4 /* DisplayType.swift */,
				A8E5F929295C3C2900B18A0B /* Assets.xcassets */,
				A8E5F92B295C3C2900B18A0B /* LaunchScreen.storyboard */,
				A8E5F92E295C3C2900B18A0B /* Info.plist */,
			);
			path = "Supporting files";
			sourceTree = "<group>";
		};
		A8E816E5295C50830014A7FD /* Controllers */ = {
			isa = PBXGroup;
			children = (
				A8E5F924295C3C2700B18A0B /* FirstViewController.swift */,
				A8C2AEC02965D05700E375E5 /* SecondViewController.swift */,
			);
			path = Controllers;
			sourceTree = "<group>";
		};
		A8F2185B295CB64200447A18 /* NetworkService */ = {
			isa = PBXGroup;
			children = (
				A8F21859295CB63C00447A18 /* NetworkService.swift */,
				A82F1CEE296870520057BAE7 /* NetworkMonitor.swift */,
			);
			path = NetworkService;
			sourceTree = "<group>";
		};
		A8F2185E295CB73A00447A18 /* Models */ = {
			isa = PBXGroup;
			children = (
				A8AAA52B296D3FC000642B4A /* Bank elements */,
			);
			path = Models;
			sourceTree = "<group>";
		};
		E4745F531A8ACECCECF45260 /* Pods */ = {
			isa = PBXGroup;
			children = (
				86C81AE4C38043A42C4AB06B /* Pods-task4.debug.xcconfig */,
				E79DBE25C6842647A6282583 /* Pods-task4.release.xcconfig */,
			);
			path = Pods;
			sourceTree = "<group>";
		};
/* End PBXGroup section */

/* Begin PBXNativeTarget section */
		A8E5F91C295C3C2700B18A0B /* task4 */ = {
			isa = PBXNativeTarget;
			buildConfigurationList = A8E5F931295C3C2900B18A0B /* Build configuration list for PBXNativeTarget "task4" */;
			buildPhases = (
				E9CC968BAA687336E16C3569 /* [CP] Check Pods Manifest.lock */,
				A8E5F919295C3C2700B18A0B /* Sources */,
				A8E5F91A295C3C2700B18A0B /* Frameworks */,
				A8E5F91B295C3C2700B18A0B /* Resources */,
				A8E5F934295C3C7C00B18A0B /* ShellScript */,
				139AC28C468ED6C004835815 /* [CP] Embed Pods Frameworks */,
			);
			buildRules = (
			);
			dependencies = (
			);
			name = task4;
			productName = task4;
			productReference = A8E5F91D295C3C2700B18A0B /* task4.app */;
			productType = "com.apple.product-type.application";
		};
/* End PBXNativeTarget section */

/* Begin PBXProject section */
		A8E5F915295C3C2700B18A0B /* Project object */ = {
			isa = PBXProject;
			attributes = {
				BuildIndependentTargetsInParallel = 1;
				LastSwiftUpdateCheck = 1400;
				LastUpgradeCheck = 1400;
				TargetAttributes = {
					A8E5F91C295C3C2700B18A0B = {
						CreatedOnToolsVersion = 14.0.1;
					};
				};
			};
			buildConfigurationList = A8E5F918295C3C2700B18A0B /* Build configuration list for PBXProject "task4" */;
			compatibilityVersion = "Xcode 14.0";
			developmentRegion = en;
			hasScannedForEncodings = 0;
			knownRegions = (
				en,
				Base,
			);
			mainGroup = A8E5F914295C3C2700B18A0B;
			productRefGroup = A8E5F91E295C3C2700B18A0B /* Products */;
			projectDirPath = "";
			projectRoot = "";
			targets = (
				A8E5F91C295C3C2700B18A0B /* task4 */,
			);
		};
/* End PBXProject section */

/* Begin PBXResourcesBuildPhase section */
		A8E5F91B295C3C2700B18A0B /* Resources */ = {
			isa = PBXResourcesBuildPhase;
			buildActionMask = 2147483647;
			files = (
				A8E5F92D295C3C2900B18A0B /* LaunchScreen.storyboard in Resources */,
				A8E5F92A295C3C2900B18A0B /* Assets.xcassets in Resources */,
			);
			runOnlyForDeploymentPostprocessing = 0;
		};
/* End PBXResourcesBuildPhase section */

/* Begin PBXShellScriptBuildPhase section */
		139AC28C468ED6C004835815 /* [CP] Embed Pods Frameworks */ = {
			isa = PBXShellScriptBuildPhase;
			buildActionMask = 2147483647;
			files = (
			);
			inputFileListPaths = (
				"${PODS_ROOT}/Target Support Files/Pods-task4/Pods-task4-frameworks-${CONFIGURATION}-input-files.xcfilelist",
			);
			name = "[CP] Embed Pods Frameworks";
			outputFileListPaths = (
				"${PODS_ROOT}/Target Support Files/Pods-task4/Pods-task4-frameworks-${CONFIGURATION}-output-files.xcfilelist",
			);
			runOnlyForDeploymentPostprocessing = 0;
			shellPath = /bin/sh;
			shellScript = "\"${PODS_ROOT}/Target Support Files/Pods-task4/Pods-task4-frameworks.sh\"\n";
			showEnvVarsInLog = 0;
		};
		A8E5F934295C3C7C00B18A0B /* ShellScript */ = {
			isa = PBXShellScriptBuildPhase;
			alwaysOutOfDate = 1;
			buildActionMask = 2147483647;
			files = (
			);
			inputFileListPaths = (
			);
			inputPaths = (
			);
			outputFileListPaths = (
			);
			outputPaths = (
			);
			runOnlyForDeploymentPostprocessing = 0;
			shellPath = /bin/sh;
			shellScript = "if which swiftlint > /dev/null; then\n  swiftlint\nelse\n  echo \"warning: SwiftLint not installed, download from https://github.com/realm/SwiftLint\"\nfi\n";
		};
		E9CC968BAA687336E16C3569 /* [CP] Check Pods Manifest.lock */ = {
			isa = PBXShellScriptBuildPhase;
			buildActionMask = 2147483647;
			files = (
			);
			inputFileListPaths = (
			);
			inputPaths = (
				"${PODS_PODFILE_DIR_PATH}/Podfile.lock",
				"${PODS_ROOT}/Manifest.lock",
			);
			name = "[CP] Check Pods Manifest.lock";
			outputFileListPaths = (
			);
			outputPaths = (
				"$(DERIVED_FILE_DIR)/Pods-task4-checkManifestLockResult.txt",
			);
			runOnlyForDeploymentPostprocessing = 0;
			shellPath = /bin/sh;
			shellScript = "diff \"${PODS_PODFILE_DIR_PATH}/Podfile.lock\" \"${PODS_ROOT}/Manifest.lock\" > /dev/null\nif [ $? != 0 ] ; then\n    # print error to STDERR\n    echo \"error: The sandbox is not in sync with the Podfile.lock. Run 'pod install' or update your CocoaPods installation.\" >&2\n    exit 1\nfi\n# This output is used by Xcode 'outputs' to avoid re-running this script phase.\necho \"SUCCESS\" > \"${SCRIPT_OUTPUT_FILE_0}\"\n";
			showEnvVarsInLog = 0;
		};
/* End PBXShellScriptBuildPhase section */

/* Begin PBXSourcesBuildPhase section */
		A8E5F919295C3C2700B18A0B /* Sources */ = {
			isa = PBXSourcesBuildPhase;
			buildActionMask = 2147483647;
			files = (
				A8727450297836B400DE3DCC /* StoreElement.swift in Sources */,
				A804F997297AB86C005B246E /* DetailPresenter.swift in Sources */,
				A8412AEC296EF8F400F46526 /* ElementDescription.swift in Sources */,
				A8AAA52E296D441F00642B4A /* BankElements.swift in Sources */,
				A86EACCB296FF9470059777D /* CLLocationManager+Ex.swift in Sources */,
				A82D737F2972DFDC00CEC1A5 /* UISegmentedControl+Ex.swift in Sources */,
				A804F98D297960EE005B246E /* MainInteractor.swift in Sources */,
				A804F98A297960EE005B246E /* MainRouter.swift in Sources */,
				A80F71632972B8E200789AEE /* LoaderView.swift in Sources */,
				A8412AEE296EFD1E00F46526 /* Array+Ex.swift in Sources */,
				A8C2AEC329671A3F00E375E5 /* SectionHeaderView.swift in Sources */,
				A8C2AEC529671DFF00E375E5 /* ElementViewCell.swift in Sources */,
				A8C2AEBE29659F5B00E375E5 /* ElementAnnotationView.swift in Sources */,
				A804F99A297AB86C005B246E /* DetailModels.swift in Sources */,
				A804F99C297AB86C005B246E /* DetailInteractor.swift in Sources */,
				A806F5B9296C3D91000F7BF2 /* BankManager.swift in Sources */,
				A804F99B297AB86C005B246E /* DetailViewController.swift in Sources */,
				A804F999297AB86C005B246E /* DetailRouter.swift in Sources */,
				A804F98B297960EE005B246E /* MainModels.swift in Sources */,
				A87917B0296AA4B300B45435 /* ViewController+Ex.swift in Sources */,
				A8C2AEBC296567E000E375E5 /* ATM.swift in Sources */,
				A8F2185A295CB63C00447A18 /* NetworkService.swift in Sources */,
				A8726074295DFF8A00666DB9 /* ElementAnnotation.swift in Sources */,
				A872744B2977FC6600DE3DCC /* StoreFilial+CoreDataProperties.swift in Sources */,
				A8AAA52A296C4DE700642B4A /* Filial.swift in Sources */,
				A872744C2977FC6600DE3DCC /* StoreATM+CoreDataClass.swift in Sources */,
				A8B5F39A2969CFC200D097C4 /* UIButton+Ex.swift in Sources */,
				A8E5F925295C3C2700B18A0B /* FirstViewController.swift in Sources */,
				A8B71EFF297148260056B839 /* CheckboxView.swift in Sources */,
				A8E5F921295C3C2700B18A0B /* AppDelegate.swift in Sources */,
				A8AAA530296D946F00642B4A /* ElementResponse.swift in Sources */,
				A8AAA528296C4DC100642B4A /* Infobox.swift in Sources */,
				A82F1CEF296870520057BAE7 /* NetworkMonitor.swift in Sources */,
				A87274482977FC6600DE3DCC /* StoreInfobox+CoreDataClass.swift in Sources */,
				A804F988297960EE005B246E /* MainPresenter.swift in Sources */,
				A87274412977EFB800DE3DCC /* StoreElements.xcdatamodeld in Sources */,
				A8B71F03297159BF0056B839 /* CheckboxButton.swift in Sources */,
				A872744D2977FC6600DE3DCC /* StoreATM+CoreDataProperties.swift in Sources */,
				A8B5F3982969C83A00D097C4 /* DisplayType.swift in Sources */,
				A8C2AEC12965D05700E375E5 /* SecondViewController.swift in Sources */,
				A804F98C297960EE005B246E /* MainViewController.swift in Sources */,
				A8E5F923295C3C2700B18A0B /* SceneDelegate.swift in Sources */,
				A872744A2977FC6600DE3DCC /* StoreFilial+CoreDataClass.swift in Sources */,
				A804F989297960EE005B246E /* MainWorker.swift in Sources */,
				A87274492977FC6600DE3DCC /* StoreInfobox+CoreDataProperties.swift in Sources */,
				A872743D2977E5D800DE3DCC /* CoreDataManager.swift in Sources */,
				A8726071295DE65F00666DB9 /* MKMapView+Ex.swift in Sources */,
			);
			runOnlyForDeploymentPostprocessing = 0;
		};
/* End PBXSourcesBuildPhase section */

/* Begin PBXVariantGroup section */
		A8E5F92B295C3C2900B18A0B /* LaunchScreen.storyboard */ = {
			isa = PBXVariantGroup;
			children = (
				A8E5F92C295C3C2900B18A0B /* Base */,
			);
			name = LaunchScreen.storyboard;
			sourceTree = "<group>";
		};
/* End PBXVariantGroup section */

/* Begin XCBuildConfiguration section */
		A8E5F92F295C3C2900B18A0B /* Debug */ = {
			isa = XCBuildConfiguration;
			buildSettings = {
				ALWAYS_SEARCH_USER_PATHS = NO;
				CLANG_ANALYZER_NONNULL = YES;
				CLANG_ANALYZER_NUMBER_OBJECT_CONVERSION = YES_AGGRESSIVE;
				CLANG_CXX_LANGUAGE_STANDARD = "gnu++20";
				CLANG_ENABLE_MODULES = YES;
				CLANG_ENABLE_OBJC_ARC = YES;
				CLANG_ENABLE_OBJC_WEAK = YES;
				CLANG_WARN_BLOCK_CAPTURE_AUTORELEASING = YES;
				CLANG_WARN_BOOL_CONVERSION = YES;
				CLANG_WARN_COMMA = YES;
				CLANG_WARN_CONSTANT_CONVERSION = YES;
				CLANG_WARN_DEPRECATED_OBJC_IMPLEMENTATIONS = YES;
				CLANG_WARN_DIRECT_OBJC_ISA_USAGE = YES_ERROR;
				CLANG_WARN_DOCUMENTATION_COMMENTS = YES;
				CLANG_WARN_EMPTY_BODY = YES;
				CLANG_WARN_ENUM_CONVERSION = YES;
				CLANG_WARN_INFINITE_RECURSION = YES;
				CLANG_WARN_INT_CONVERSION = YES;
				CLANG_WARN_NON_LITERAL_NULL_CONVERSION = YES;
				CLANG_WARN_OBJC_IMPLICIT_RETAIN_SELF = YES;
				CLANG_WARN_OBJC_LITERAL_CONVERSION = YES;
				CLANG_WARN_OBJC_ROOT_CLASS = YES_ERROR;
				CLANG_WARN_QUOTED_INCLUDE_IN_FRAMEWORK_HEADER = YES;
				CLANG_WARN_RANGE_LOOP_ANALYSIS = YES;
				CLANG_WARN_STRICT_PROTOTYPES = YES;
				CLANG_WARN_SUSPICIOUS_MOVE = YES;
				CLANG_WARN_UNGUARDED_AVAILABILITY = YES_AGGRESSIVE;
				CLANG_WARN_UNREACHABLE_CODE = YES;
				CLANG_WARN__DUPLICATE_METHOD_MATCH = YES;
				COPY_PHASE_STRIP = NO;
				DEBUG_INFORMATION_FORMAT = dwarf;
				ENABLE_STRICT_OBJC_MSGSEND = YES;
				ENABLE_TESTABILITY = YES;
				GCC_C_LANGUAGE_STANDARD = gnu11;
				GCC_DYNAMIC_NO_PIC = NO;
				GCC_NO_COMMON_BLOCKS = YES;
				GCC_OPTIMIZATION_LEVEL = 0;
				GCC_PREPROCESSOR_DEFINITIONS = (
					"DEBUG=1",
					"$(inherited)",
				);
				GCC_WARN_64_TO_32_BIT_CONVERSION = YES;
				GCC_WARN_ABOUT_RETURN_TYPE = YES_ERROR;
				GCC_WARN_UNDECLARED_SELECTOR = YES;
				GCC_WARN_UNINITIALIZED_AUTOS = YES_AGGRESSIVE;
				GCC_WARN_UNUSED_FUNCTION = YES;
				GCC_WARN_UNUSED_VARIABLE = YES;
				IPHONEOS_DEPLOYMENT_TARGET = 15.0;
				MTL_ENABLE_DEBUG_INFO = INCLUDE_SOURCE;
				MTL_FAST_MATH = YES;
				ONLY_ACTIVE_ARCH = YES;
				SDKROOT = iphoneos;
				SWIFT_ACTIVE_COMPILATION_CONDITIONS = DEBUG;
				SWIFT_OPTIMIZATION_LEVEL = "-Onone";
			};
			name = Debug;
		};
		A8E5F930295C3C2900B18A0B /* Release */ = {
			isa = XCBuildConfiguration;
			buildSettings = {
				ALWAYS_SEARCH_USER_PATHS = NO;
				CLANG_ANALYZER_NONNULL = YES;
				CLANG_ANALYZER_NUMBER_OBJECT_CONVERSION = YES_AGGRESSIVE;
				CLANG_CXX_LANGUAGE_STANDARD = "gnu++20";
				CLANG_ENABLE_MODULES = YES;
				CLANG_ENABLE_OBJC_ARC = YES;
				CLANG_ENABLE_OBJC_WEAK = YES;
				CLANG_WARN_BLOCK_CAPTURE_AUTORELEASING = YES;
				CLANG_WARN_BOOL_CONVERSION = YES;
				CLANG_WARN_COMMA = YES;
				CLANG_WARN_CONSTANT_CONVERSION = YES;
				CLANG_WARN_DEPRECATED_OBJC_IMPLEMENTATIONS = YES;
				CLANG_WARN_DIRECT_OBJC_ISA_USAGE = YES_ERROR;
				CLANG_WARN_DOCUMENTATION_COMMENTS = YES;
				CLANG_WARN_EMPTY_BODY = YES;
				CLANG_WARN_ENUM_CONVERSION = YES;
				CLANG_WARN_INFINITE_RECURSION = YES;
				CLANG_WARN_INT_CONVERSION = YES;
				CLANG_WARN_NON_LITERAL_NULL_CONVERSION = YES;
				CLANG_WARN_OBJC_IMPLICIT_RETAIN_SELF = YES;
				CLANG_WARN_OBJC_LITERAL_CONVERSION = YES;
				CLANG_WARN_OBJC_ROOT_CLASS = YES_ERROR;
				CLANG_WARN_QUOTED_INCLUDE_IN_FRAMEWORK_HEADER = YES;
				CLANG_WARN_RANGE_LOOP_ANALYSIS = YES;
				CLANG_WARN_STRICT_PROTOTYPES = YES;
				CLANG_WARN_SUSPICIOUS_MOVE = YES;
				CLANG_WARN_UNGUARDED_AVAILABILITY = YES_AGGRESSIVE;
				CLANG_WARN_UNREACHABLE_CODE = YES;
				CLANG_WARN__DUPLICATE_METHOD_MATCH = YES;
				COPY_PHASE_STRIP = NO;
				DEBUG_INFORMATION_FORMAT = "dwarf-with-dsym";
				ENABLE_NS_ASSERTIONS = NO;
				ENABLE_STRICT_OBJC_MSGSEND = YES;
				GCC_C_LANGUAGE_STANDARD = gnu11;
				GCC_NO_COMMON_BLOCKS = YES;
				GCC_WARN_64_TO_32_BIT_CONVERSION = YES;
				GCC_WARN_ABOUT_RETURN_TYPE = YES_ERROR;
				GCC_WARN_UNDECLARED_SELECTOR = YES;
				GCC_WARN_UNINITIALIZED_AUTOS = YES_AGGRESSIVE;
				GCC_WARN_UNUSED_FUNCTION = YES;
				GCC_WARN_UNUSED_VARIABLE = YES;
				IPHONEOS_DEPLOYMENT_TARGET = 15.0;
				MTL_ENABLE_DEBUG_INFO = NO;
				MTL_FAST_MATH = YES;
				SDKROOT = iphoneos;
				SWIFT_COMPILATION_MODE = wholemodule;
				SWIFT_OPTIMIZATION_LEVEL = "-O";
				VALIDATE_PRODUCT = YES;
			};
			name = Release;
		};
		A8E5F932295C3C2900B18A0B /* Debug */ = {
			isa = XCBuildConfiguration;
			baseConfigurationReference = 86C81AE4C38043A42C4AB06B /* Pods-task4.debug.xcconfig */;
			buildSettings = {
				ASSETCATALOG_COMPILER_APPICON_NAME = AppIcon;
				ASSETCATALOG_COMPILER_GLOBAL_ACCENT_COLOR_NAME = AccentColor;
				CODE_SIGN_STYLE = Automatic;
				CURRENT_PROJECT_VERSION = 1;
				GENERATE_INFOPLIST_FILE = YES;
				INFOPLIST_FILE = "task4/Supporting files/Info.plist";
				INFOPLIST_KEY_UIApplicationSupportsIndirectInputEvents = YES;
				INFOPLIST_KEY_UILaunchStoryboardName = LaunchScreen;
				INFOPLIST_KEY_UIMainStoryboardFile = "";
				INFOPLIST_KEY_UISupportedInterfaceOrientations_iPad = "UIInterfaceOrientationPortrait UIInterfaceOrientationPortraitUpsideDown UIInterfaceOrientationLandscapeLeft UIInterfaceOrientationLandscapeRight";
				INFOPLIST_KEY_UISupportedInterfaceOrientations_iPhone = "UIInterfaceOrientationPortrait UIInterfaceOrientationLandscapeLeft UIInterfaceOrientationLandscapeRight";
				IPHONEOS_DEPLOYMENT_TARGET = 15.0;
				LD_RUNPATH_SEARCH_PATHS = (
					"$(inherited)",
					"@executable_path/Frameworks",
				);
				MARKETING_VERSION = 1.0;
				PRODUCT_BUNDLE_IDENTIFIER = clevertec.volkov.task4;
				PRODUCT_NAME = "$(TARGET_NAME)";
				SWIFT_EMIT_LOC_STRINGS = YES;
				SWIFT_VERSION = 5.0;
				TARGETED_DEVICE_FAMILY = "1,2";
			};
			name = Debug;
		};
		A8E5F933295C3C2900B18A0B /* Release */ = {
			isa = XCBuildConfiguration;
			baseConfigurationReference = E79DBE25C6842647A6282583 /* Pods-task4.release.xcconfig */;
			buildSettings = {
				ASSETCATALOG_COMPILER_APPICON_NAME = AppIcon;
				ASSETCATALOG_COMPILER_GLOBAL_ACCENT_COLOR_NAME = AccentColor;
				CODE_SIGN_STYLE = Automatic;
				CURRENT_PROJECT_VERSION = 1;
				GENERATE_INFOPLIST_FILE = YES;
				INFOPLIST_FILE = "task4/Supporting files/Info.plist";
				INFOPLIST_KEY_UIApplicationSupportsIndirectInputEvents = YES;
				INFOPLIST_KEY_UILaunchStoryboardName = LaunchScreen;
				INFOPLIST_KEY_UIMainStoryboardFile = "";
				INFOPLIST_KEY_UISupportedInterfaceOrientations_iPad = "UIInterfaceOrientationPortrait UIInterfaceOrientationPortraitUpsideDown UIInterfaceOrientationLandscapeLeft UIInterfaceOrientationLandscapeRight";
				INFOPLIST_KEY_UISupportedInterfaceOrientations_iPhone = "UIInterfaceOrientationPortrait UIInterfaceOrientationLandscapeLeft UIInterfaceOrientationLandscapeRight";
				IPHONEOS_DEPLOYMENT_TARGET = 15.0;
				LD_RUNPATH_SEARCH_PATHS = (
					"$(inherited)",
					"@executable_path/Frameworks",
				);
				MARKETING_VERSION = 1.0;
				PRODUCT_BUNDLE_IDENTIFIER = clevertec.volkov.task4;
				PRODUCT_NAME = "$(TARGET_NAME)";
				SWIFT_EMIT_LOC_STRINGS = YES;
				SWIFT_VERSION = 5.0;
				TARGETED_DEVICE_FAMILY = "1,2";
			};
			name = Release;
		};
/* End XCBuildConfiguration section */

/* Begin XCConfigurationList section */
		A8E5F918295C3C2700B18A0B /* Build configuration list for PBXProject "task4" */ = {
			isa = XCConfigurationList;
			buildConfigurations = (
				A8E5F92F295C3C2900B18A0B /* Debug */,
				A8E5F930295C3C2900B18A0B /* Release */,
			);
			defaultConfigurationIsVisible = 0;
			defaultConfigurationName = Release;
		};
		A8E5F931295C3C2900B18A0B /* Build configuration list for PBXNativeTarget "task4" */ = {
			isa = XCConfigurationList;
			buildConfigurations = (
				A8E5F932295C3C2900B18A0B /* Debug */,
				A8E5F933295C3C2900B18A0B /* Release */,
			);
			defaultConfigurationIsVisible = 0;
			defaultConfigurationName = Release;
		};
/* End XCConfigurationList section */

/* Begin XCVersionGroup section */
		A872743F2977EFB800DE3DCC /* StoreElements.xcdatamodeld */ = {
			isa = XCVersionGroup;
			children = (
				A87274402977EFB800DE3DCC /* StoreElements.xcdatamodel */,
			);
			currentVersion = A87274402977EFB800DE3DCC /* StoreElements.xcdatamodel */;
			path = StoreElements.xcdatamodeld;
			sourceTree = "<group>";
			versionGroupType = wrapper.xcdatamodel;
		};
/* End XCVersionGroup section */
	};
	rootObject = A8E5F915295C3C2700B18A0B /* Project object */;
}
