// !$*UTF8*$!
{
	archiveVersion = 1;
	classes = {
	};
	objectVersion = 56;
	objects = {

/* Begin PBXBuildFile section */
		590AA9085723C22FCD5289AA /* Pods_task4.framework in Frameworks */ = {isa = PBXBuildFile; fileRef = F7F589BE12D7362054E92066 /* Pods_task4.framework */; };
		A8726071295DE65F00666DB9 /* MKMapView+Ex.swift in Sources */ = {isa = PBXBuildFile; fileRef = A8726070295DE65F00666DB9 /* MKMapView+Ex.swift */; };
		A8726074295DFF8A00666DB9 /* ATMAnnotation.swift in Sources */ = {isa = PBXBuildFile; fileRef = A8726073295DFF8A00666DB9 /* ATMAnnotation.swift */; };
		A8C2AEBC296567E000E375E5 /* ATM.swift in Sources */ = {isa = PBXBuildFile; fileRef = A8C2AEBB296567E000E375E5 /* ATM.swift */; };
		A8C2AEBE29659F5B00E375E5 /* ATMAnnotationView.swift in Sources */ = {isa = PBXBuildFile; fileRef = A8C2AEBD29659F5B00E375E5 /* ATMAnnotationView.swift */; };
		A8C2AEC12965D05700E375E5 /* DetailViewController.swift in Sources */ = {isa = PBXBuildFile; fileRef = A8C2AEC02965D05700E375E5 /* DetailViewController.swift */; };
		A8E5F921295C3C2700B18A0B /* AppDelegate.swift in Sources */ = {isa = PBXBuildFile; fileRef = A8E5F920295C3C2700B18A0B /* AppDelegate.swift */; };
		A8E5F923295C3C2700B18A0B /* SceneDelegate.swift in Sources */ = {isa = PBXBuildFile; fileRef = A8E5F922295C3C2700B18A0B /* SceneDelegate.swift */; };
		A8E5F925295C3C2700B18A0B /* ViewController.swift in Sources */ = {isa = PBXBuildFile; fileRef = A8E5F924295C3C2700B18A0B /* ViewController.swift */; };
		A8E5F92A295C3C2900B18A0B /* Assets.xcassets in Resources */ = {isa = PBXBuildFile; fileRef = A8E5F929295C3C2900B18A0B /* Assets.xcassets */; };
		A8E5F92D295C3C2900B18A0B /* LaunchScreen.storyboard in Resources */ = {isa = PBXBuildFile; fileRef = A8E5F92B295C3C2900B18A0B /* LaunchScreen.storyboard */; };
		A8E816E7295C90DB0014A7FD /* ColorSets.swift in Sources */ = {isa = PBXBuildFile; fileRef = A8E816E6295C90DB0014A7FD /* ColorSets.swift */; };
		A8F2185A295CB63C00447A18 /* NetworkService.swift in Sources */ = {isa = PBXBuildFile; fileRef = A8F21859295CB63C00447A18 /* NetworkService.swift */; };
/* End PBXBuildFile section */

/* Begin PBXFileReference section */
		86C81AE4C38043A42C4AB06B /* Pods-task4.debug.xcconfig */ = {isa = PBXFileReference; includeInIndex = 1; lastKnownFileType = text.xcconfig; name = "Pods-task4.debug.xcconfig"; path = "Target Support Files/Pods-task4/Pods-task4.debug.xcconfig"; sourceTree = "<group>"; };
		A8726070295DE65F00666DB9 /* MKMapView+Ex.swift */ = {isa = PBXFileReference; lastKnownFileType = sourcecode.swift; path = "MKMapView+Ex.swift"; sourceTree = "<group>"; };
		A8726073295DFF8A00666DB9 /* ATMAnnotation.swift */ = {isa = PBXFileReference; lastKnownFileType = sourcecode.swift; path = ATMAnnotation.swift; sourceTree = "<group>"; };
		A8C2AEBB296567E000E375E5 /* ATM.swift */ = {isa = PBXFileReference; lastKnownFileType = sourcecode.swift; path = ATM.swift; sourceTree = "<group>"; };
		A8C2AEBD29659F5B00E375E5 /* ATMAnnotationView.swift */ = {isa = PBXFileReference; lastKnownFileType = sourcecode.swift; path = ATMAnnotationView.swift; sourceTree = "<group>"; };
		A8C2AEC02965D05700E375E5 /* DetailViewController.swift */ = {isa = PBXFileReference; lastKnownFileType = sourcecode.swift; path = DetailViewController.swift; sourceTree = "<group>"; };
		A8E5F91D295C3C2700B18A0B /* task4.app */ = {isa = PBXFileReference; explicitFileType = wrapper.application; includeInIndex = 0; path = task4.app; sourceTree = BUILT_PRODUCTS_DIR; };
		A8E5F920295C3C2700B18A0B /* AppDelegate.swift */ = {isa = PBXFileReference; lastKnownFileType = sourcecode.swift; path = AppDelegate.swift; sourceTree = "<group>"; };
		A8E5F922295C3C2700B18A0B /* SceneDelegate.swift */ = {isa = PBXFileReference; lastKnownFileType = sourcecode.swift; path = SceneDelegate.swift; sourceTree = "<group>"; };
		A8E5F924295C3C2700B18A0B /* ViewController.swift */ = {isa = PBXFileReference; lastKnownFileType = sourcecode.swift; path = ViewController.swift; sourceTree = "<group>"; };
		A8E5F929295C3C2900B18A0B /* Assets.xcassets */ = {isa = PBXFileReference; lastKnownFileType = folder.assetcatalog; path = Assets.xcassets; sourceTree = "<group>"; };
		A8E5F92C295C3C2900B18A0B /* Base */ = {isa = PBXFileReference; lastKnownFileType = file.storyboard; name = Base; path = Base.lproj/LaunchScreen.storyboard; sourceTree = "<group>"; };
		A8E5F92E295C3C2900B18A0B /* Info.plist */ = {isa = PBXFileReference; lastKnownFileType = text.plist.xml; name = Info.plist; path = "task4/Supporting files/Info.plist"; sourceTree = SOURCE_ROOT; };
		A8E816E6295C90DB0014A7FD /* ColorSets.swift */ = {isa = PBXFileReference; lastKnownFileType = sourcecode.swift; path = ColorSets.swift; sourceTree = "<group>"; };
		A8F21859295CB63C00447A18 /* NetworkService.swift */ = {isa = PBXFileReference; lastKnownFileType = sourcecode.swift; path = NetworkService.swift; sourceTree = "<group>"; };
		E79DBE25C6842647A6282583 /* Pods-task4.release.xcconfig */ = {isa = PBXFileReference; includeInIndex = 1; lastKnownFileType = text.xcconfig; name = "Pods-task4.release.xcconfig"; path = "Target Support Files/Pods-task4/Pods-task4.release.xcconfig"; sourceTree = "<group>"; };
		F7F589BE12D7362054E92066 /* Pods_task4.framework */ = {isa = PBXFileReference; explicitFileType = wrapper.framework; includeInIndex = 0; path = Pods_task4.framework; sourceTree = BUILT_PRODUCTS_DIR; };
/* End PBXFileReference section */

/* Begin PBXFrameworksBuildPhase section */
		A8E5F91A295C3C2700B18A0B /* Frameworks */ = {
			isa = PBXFrameworksBuildPhase;
			buildActionMask = 2147483647;
			files = (
				590AA9085723C22FCD5289AA /* Pods_task4.framework in Frameworks */,
			);
			runOnlyForDeploymentPostprocessing = 0;
		};
/* End PBXFrameworksBuildPhase section */

/* Begin PBXGroup section */
		14606A996775253151C1D430 /* Frameworks */ = {
			isa = PBXGroup;
			children = (
				F7F589BE12D7362054E92066 /* Pods_task4.framework */,
			);
			name = Frameworks;
			sourceTree = "<group>";
		};
		A8726072295DE6EA00666DB9 /* Exstensions */ = {
			isa = PBXGroup;
			children = (
				A8726070295DE65F00666DB9 /* MKMapView+Ex.swift */,
			);
			path = Exstensions;
			sourceTree = "<group>";
		};
		A8C2AEBF29659F6300E375E5 /* View */ = {
			isa = PBXGroup;
			children = (
				A8C2AEBD29659F5B00E375E5 /* ATMAnnotationView.swift */,
			);
			path = View;
			sourceTree = "<group>";
		};
		A8E5F914295C3C2700B18A0B = {
			isa = PBXGroup;
			children = (
				A8E5F91F295C3C2700B18A0B /* task4 */,
				A8E5F91E295C3C2700B18A0B /* Products */,
				E4745F531A8ACECCECF45260 /* Pods */,
				14606A996775253151C1D430 /* Frameworks */,
			);
			sourceTree = "<group>";
		};
		A8E5F91E295C3C2700B18A0B /* Products */ = {
			isa = PBXGroup;
			children = (
				A8E5F91D295C3C2700B18A0B /* task4.app */,
			);
			name = Products;
			sourceTree = "<group>";
		};
		A8E5F91F295C3C2700B18A0B /* task4 */ = {
			isa = PBXGroup;
			children = (
				A8F2185E295CB73A00447A18 /* Model */,
				A8C2AEBF29659F6300E375E5 /* View */,
				A8E816E5295C50830014A7FD /* Controllers */,
				A8F2185B295CB64200447A18 /* NetworkService */,
				A8E816E4295C505E0014A7FD /* Supporting files */,
				A8726072295DE6EA00666DB9 /* Exstensions */,
			);
			path = task4;
			sourceTree = "<group>";
		};
		A8E816E4295C505E0014A7FD /* Supporting files */ = {
			isa = PBXGroup;
			children = (
				A8E5F920295C3C2700B18A0B /* AppDelegate.swift */,
				A8E5F922295C3C2700B18A0B /* SceneDelegate.swift */,
				A8E816E6295C90DB0014A7FD /* ColorSets.swift */,
				A8E5F929295C3C2900B18A0B /* Assets.xcassets */,
				A8E5F92B295C3C2900B18A0B /* LaunchScreen.storyboard */,
				A8E5F92E295C3C2900B18A0B /* Info.plist */,
			);
			path = "Supporting files";
			sourceTree = "<group>";
		};
		A8E816E5295C50830014A7FD /* Controllers */ = {
			isa = PBXGroup;
			children = (
				A8E5F924295C3C2700B18A0B /* ViewController.swift */,
				A8C2AEC02965D05700E375E5 /* DetailViewController.swift */,
			);
			path = Controllers;
			sourceTree = "<group>";
		};
		A8F2185B295CB64200447A18 /* NetworkService */ = {
			isa = PBXGroup;
			children = (
				A8F21859295CB63C00447A18 /* NetworkService.swift */,
			);
			path = NetworkService;
			sourceTree = "<group>";
		};
		A8F2185E295CB73A00447A18 /* Model */ = {
			isa = PBXGroup;
			children = (
				A8C2AEBB296567E000E375E5 /* ATM.swift */,
				A8726073295DFF8A00666DB9 /* ATMAnnotation.swift */,
			);
			path = Model;
			sourceTree = "<group>";
		};
		E4745F531A8ACECCECF45260 /* Pods */ = {
			isa = PBXGroup;
			children = (
				86C81AE4C38043A42C4AB06B /* Pods-task4.debug.xcconfig */,
				E79DBE25C6842647A6282583 /* Pods-task4.release.xcconfig */,
			);
			path = Pods;
			sourceTree = "<group>";
		};
/* End PBXGroup section */

/* Begin PBXNativeTarget section */
		A8E5F91C295C3C2700B18A0B /* task4 */ = {
			isa = PBXNativeTarget;
			buildConfigurationList = A8E5F931295C3C2900B18A0B /* Build configuration list for PBXNativeTarget "task4" */;
			buildPhases = (
				E9CC968BAA687336E16C3569 /* [CP] Check Pods Manifest.lock */,
				A8E5F919295C3C2700B18A0B /* Sources */,
				A8E5F91A295C3C2700B18A0B /* Frameworks */,
				A8E5F91B295C3C2700B18A0B /* Resources */,
				A8E5F934295C3C7C00B18A0B /* ShellScript */,
				139AC28C468ED6C004835815 /* [CP] Embed Pods Frameworks */,
			);
			buildRules = (
			);
			dependencies = (
			);
			name = task4;
			productName = task4;
			productReference = A8E5F91D295C3C2700B18A0B /* task4.app */;
			productType = "com.apple.product-type.application";
		};
/* End PBXNativeTarget section */

/* Begin PBXProject section */
		A8E5F915295C3C2700B18A0B /* Project object */ = {
			isa = PBXProject;
			attributes = {
				BuildIndependentTargetsInParallel = 1;
				LastSwiftUpdateCheck = 1400;
				LastUpgradeCheck = 1400;
				TargetAttributes = {
					A8E5F91C295C3C2700B18A0B = {
						CreatedOnToolsVersion = 14.0.1;
					};
				};
			};
			buildConfigurationList = A8E5F918295C3C2700B18A0B /* Build configuration list for PBXProject "task4" */;
			compatibilityVersion = "Xcode 14.0";
			developmentRegion = en;
			hasScannedForEncodings = 0;
			knownRegions = (
				en,
				Base,
			);
			mainGroup = A8E5F914295C3C2700B18A0B;
			productRefGroup = A8E5F91E295C3C2700B18A0B /* Products */;
			projectDirPath = "";
			projectRoot = "";
			targets = (
				A8E5F91C295C3C2700B18A0B /* task4 */,
			);
		};
/* End PBXProject section */

/* Begin PBXResourcesBuildPhase section */
		A8E5F91B295C3C2700B18A0B /* Resources */ = {
			isa = PBXResourcesBuildPhase;
			buildActionMask = 2147483647;
			files = (
				A8E5F92D295C3C2900B18A0B /* LaunchScreen.storyboard in Resources */,
				A8E5F92A295C3C2900B18A0B /* Assets.xcassets in Resources */,
			);
			runOnlyForDeploymentPostprocessing = 0;
		};
/* End PBXResourcesBuildPhase section */

/* Begin PBXShellScriptBuildPhase section */
		139AC28C468ED6C004835815 /* [CP] Embed Pods Frameworks */ = {
			isa = PBXShellScriptBuildPhase;
			buildActionMask = 2147483647;
			files = (
			);
			inputFileListPaths = (
				"${PODS_ROOT}/Target Support Files/Pods-task4/Pods-task4-frameworks-${CONFIGURATION}-input-files.xcfilelist",
			);
			name = "[CP] Embed Pods Frameworks";
			outputFileListPaths = (
				"${PODS_ROOT}/Target Support Files/Pods-task4/Pods-task4-frameworks-${CONFIGURATION}-output-files.xcfilelist",
			);
			runOnlyForDeploymentPostprocessing = 0;
			shellPath = /bin/sh;
			shellScript = "\"${PODS_ROOT}/Target Support Files/Pods-task4/Pods-task4-frameworks.sh\"\n";
			showEnvVarsInLog = 0;
		};
		A8E5F934295C3C7C00B18A0B /* ShellScript */ = {
			isa = PBXShellScriptBuildPhase;
			alwaysOutOfDate = 1;
			buildActionMask = 2147483647;
			files = (
			);
			inputFileListPaths = (
			);
			inputPaths = (
			);
			outputFileListPaths = (
			);
			outputPaths = (
			);
			runOnlyForDeploymentPostprocessing = 0;
			shellPath = /bin/sh;
			shellScript = "if which swiftlint > /dev/null; then\n  swiftlint\nelse\n  echo \"warning: SwiftLint not installed, download from https://github.com/realm/SwiftLint\"\nfi\n";
		};
		E9CC968BAA687336E16C3569 /* [CP] Check Pods Manifest.lock */ = {
			isa = PBXShellScriptBuildPhase;
			buildActionMask = 2147483647;
			files = (
			);
			inputFileListPaths = (
			);
			inputPaths = (
				"${PODS_PODFILE_DIR_PATH}/Podfile.lock",
				"${PODS_ROOT}/Manifest.lock",
			);
			name = "[CP] Check Pods Manifest.lock";
			outputFileListPaths = (
			);
			outputPaths = (
				"$(DERIVED_FILE_DIR)/Pods-task4-checkManifestLockResult.txt",
			);
			runOnlyForDeploymentPostprocessing = 0;
			shellPath = /bin/sh;
			shellScript = "diff \"${PODS_PODFILE_DIR_PATH}/Podfile.lock\" \"${PODS_ROOT}/Manifest.lock\" > /dev/null\nif [ $? != 0 ] ; then\n    # print error to STDERR\n    echo \"error: The sandbox is not in sync with the Podfile.lock. Run 'pod install' or update your CocoaPods installation.\" >&2\n    exit 1\nfi\n# This output is used by Xcode 'outputs' to avoid re-running this script phase.\necho \"SUCCESS\" > \"${SCRIPT_OUTPUT_FILE_0}\"\n";
			showEnvVarsInLog = 0;
		};
/* End PBXShellScriptBuildPhase section */

/* Begin PBXSourcesBuildPhase section */
		A8E5F919295C3C2700B18A0B /* Sources */ = {
			isa = PBXSourcesBuildPhase;
			buildActionMask = 2147483647;
			files = (
				A8C2AEBE29659F5B00E375E5 /* ATMAnnotationView.swift in Sources */,
				A8C2AEBC296567E000E375E5 /* ATM.swift in Sources */,
				A8F2185A295CB63C00447A18 /* NetworkService.swift in Sources */,
				A8E816E7295C90DB0014A7FD /* ColorSets.swift in Sources */,
				A8726074295DFF8A00666DB9 /* ATMAnnotation.swift in Sources */,
				A8E5F925295C3C2700B18A0B /* ViewController.swift in Sources */,
				A8E5F921295C3C2700B18A0B /* AppDelegate.swift in Sources */,
				A8C2AEC12965D05700E375E5 /* DetailViewController.swift in Sources */,
				A8E5F923295C3C2700B18A0B /* SceneDelegate.swift in Sources */,
				A8726071295DE65F00666DB9 /* MKMapView+Ex.swift in Sources */,
			);
			runOnlyForDeploymentPostprocessing = 0;
		};
/* End PBXSourcesBuildPhase section */

/* Begin PBXVariantGroup section */
		A8E5F92B295C3C2900B18A0B /* LaunchScreen.storyboard */ = {
			isa = PBXVariantGroup;
			children = (
				A8E5F92C295C3C2900B18A0B /* Base */,
			);
			name = LaunchScreen.storyboard;
			sourceTree = "<group>";
		};
/* End PBXVariantGroup section */

/* Begin XCBuildConfiguration section */
		A8E5F92F295C3C2900B18A0B /* Debug */ = {
			isa = XCBuildConfiguration;
			buildSettings = {
				ALWAYS_SEARCH_USER_PATHS = NO;
				CLANG_ANALYZER_NONNULL = YES;
				CLANG_ANALYZER_NUMBER_OBJECT_CONVERSION = YES_AGGRESSIVE;
				CLANG_CXX_LANGUAGE_STANDARD = "gnu++20";
				CLANG_ENABLE_MODULES = YES;
				CLANG_ENABLE_OBJC_ARC = YES;
				CLANG_ENABLE_OBJC_WEAK = YES;
				CLANG_WARN_BLOCK_CAPTURE_AUTORELEASING = YES;
				CLANG_WARN_BOOL_CONVERSION = YES;
				CLANG_WARN_COMMA = YES;
				CLANG_WARN_CONSTANT_CONVERSION = YES;
				CLANG_WARN_DEPRECATED_OBJC_IMPLEMENTATIONS = YES;
				CLANG_WARN_DIRECT_OBJC_ISA_USAGE = YES_ERROR;
				CLANG_WARN_DOCUMENTATION_COMMENTS = YES;
				CLANG_WARN_EMPTY_BODY = YES;
				CLANG_WARN_ENUM_CONVERSION = YES;
				CLANG_WARN_INFINITE_RECURSION = YES;
				CLANG_WARN_INT_CONVERSION = YES;
				CLANG_WARN_NON_LITERAL_NULL_CONVERSION = YES;
				CLANG_WARN_OBJC_IMPLICIT_RETAIN_SELF = YES;
				CLANG_WARN_OBJC_LITERAL_CONVERSION = YES;
				CLANG_WARN_OBJC_ROOT_CLASS = YES_ERROR;
				CLANG_WARN_QUOTED_INCLUDE_IN_FRAMEWORK_HEADER = YES;
				CLANG_WARN_RANGE_LOOP_ANALYSIS = YES;
				CLANG_WARN_STRICT_PROTOTYPES = YES;
				CLANG_WARN_SUSPICIOUS_MOVE = YES;
				CLANG_WARN_UNGUARDED_AVAILABILITY = YES_AGGRESSIVE;
				CLANG_WARN_UNREACHABLE_CODE = YES;
				CLANG_WARN__DUPLICATE_METHOD_MATCH = YES;
				COPY_PHASE_STRIP = NO;
				DEBUG_INFORMATION_FORMAT = dwarf;
				ENABLE_STRICT_OBJC_MSGSEND = YES;
				ENABLE_TESTABILITY = YES;
				GCC_C_LANGUAGE_STANDARD = gnu11;
				GCC_DYNAMIC_NO_PIC = NO;
				GCC_NO_COMMON_BLOCKS = YES;
				GCC_OPTIMIZATION_LEVEL = 0;
				GCC_PREPROCESSOR_DEFINITIONS = (
					"DEBUG=1",
					"$(inherited)",
				);
				GCC_WARN_64_TO_32_BIT_CONVERSION = YES;
				GCC_WARN_ABOUT_RETURN_TYPE = YES_ERROR;
				GCC_WARN_UNDECLARED_SELECTOR = YES;
				GCC_WARN_UNINITIALIZED_AUTOS = YES_AGGRESSIVE;
				GCC_WARN_UNUSED_FUNCTION = YES;
				GCC_WARN_UNUSED_VARIABLE = YES;
				IPHONEOS_DEPLOYMENT_TARGET = 16.0;
				MTL_ENABLE_DEBUG_INFO = INCLUDE_SOURCE;
				MTL_FAST_MATH = YES;
				ONLY_ACTIVE_ARCH = YES;
				SDKROOT = iphoneos;
				SWIFT_ACTIVE_COMPILATION_CONDITIONS = DEBUG;
				SWIFT_OPTIMIZATION_LEVEL = "-Onone";
			};
			name = Debug;
		};
		A8E5F930295C3C2900B18A0B /* Release */ = {
			isa = XCBuildConfiguration;
			buildSettings = {
				ALWAYS_SEARCH_USER_PATHS = NO;
				CLANG_ANALYZER_NONNULL = YES;
				CLANG_ANALYZER_NUMBER_OBJECT_CONVERSION = YES_AGGRESSIVE;
				CLANG_CXX_LANGUAGE_STANDARD = "gnu++20";
				CLANG_ENABLE_MODULES = YES;
				CLANG_ENABLE_OBJC_ARC = YES;
				CLANG_ENABLE_OBJC_WEAK = YES;
				CLANG_WARN_BLOCK_CAPTURE_AUTORELEASING = YES;
				CLANG_WARN_BOOL_CONVERSION = YES;
				CLANG_WARN_COMMA = YES;
				CLANG_WARN_CONSTANT_CONVERSION = YES;
				CLANG_WARN_DEPRECATED_OBJC_IMPLEMENTATIONS = YES;
				CLANG_WARN_DIRECT_OBJC_ISA_USAGE = YES_ERROR;
				CLANG_WARN_DOCUMENTATION_COMMENTS = YES;
				CLANG_WARN_EMPTY_BODY = YES;
				CLANG_WARN_ENUM_CONVERSION = YES;
				CLANG_WARN_INFINITE_RECURSION = YES;
				CLANG_WARN_INT_CONVERSION = YES;
				CLANG_WARN_NON_LITERAL_NULL_CONVERSION = YES;
				CLANG_WARN_OBJC_IMPLICIT_RETAIN_SELF = YES;
				CLANG_WARN_OBJC_LITERAL_CONVERSION = YES;
				CLANG_WARN_OBJC_ROOT_CLASS = YES_ERROR;
				CLANG_WARN_QUOTED_INCLUDE_IN_FRAMEWORK_HEADER = YES;
				CLANG_WARN_RANGE_LOOP_ANALYSIS = YES;
				CLANG_WARN_STRICT_PROTOTYPES = YES;
				CLANG_WARN_SUSPICIOUS_MOVE = YES;
				CLANG_WARN_UNGUARDED_AVAILABILITY = YES_AGGRESSIVE;
				CLANG_WARN_UNREACHABLE_CODE = YES;
				CLANG_WARN__DUPLICATE_METHOD_MATCH = YES;
				COPY_PHASE_STRIP = NO;
				DEBUG_INFORMATION_FORMAT = "dwarf-with-dsym";
				ENABLE_NS_ASSERTIONS = NO;
				ENABLE_STRICT_OBJC_MSGSEND = YES;
				GCC_C_LANGUAGE_STANDARD = gnu11;
				GCC_NO_COMMON_BLOCKS = YES;
				GCC_WARN_64_TO_32_BIT_CONVERSION = YES;
				GCC_WARN_ABOUT_RETURN_TYPE = YES_ERROR;
				GCC_WARN_UNDECLARED_SELECTOR = YES;
				GCC_WARN_UNINITIALIZED_AUTOS = YES_AGGRESSIVE;
				GCC_WARN_UNUSED_FUNCTION = YES;
				GCC_WARN_UNUSED_VARIABLE = YES;
				IPHONEOS_DEPLOYMENT_TARGET = 16.0;
				MTL_ENABLE_DEBUG_INFO = NO;
				MTL_FAST_MATH = YES;
				SDKROOT = iphoneos;
				SWIFT_COMPILATION_MODE = wholemodule;
				SWIFT_OPTIMIZATION_LEVEL = "-O";
				VALIDATE_PRODUCT = YES;
			};
			name = Release;
		};
		A8E5F932295C3C2900B18A0B /* Debug */ = {
			isa = XCBuildConfiguration;
			baseConfigurationReference = 86C81AE4C38043A42C4AB06B /* Pods-task4.debug.xcconfig */;
			buildSettings = {
				ASSETCATALOG_COMPILER_APPICON_NAME = AppIcon;
				ASSETCATALOG_COMPILER_GLOBAL_ACCENT_COLOR_NAME = AccentColor;
				CODE_SIGN_STYLE = Automatic;
				CURRENT_PROJECT_VERSION = 1;
				GENERATE_INFOPLIST_FILE = YES;
				INFOPLIST_FILE = "task4/Supporting files/Info.plist";
				INFOPLIST_KEY_UIApplicationSupportsIndirectInputEvents = YES;
				INFOPLIST_KEY_UILaunchStoryboardName = LaunchScreen;
				INFOPLIST_KEY_UIMainStoryboardFile = "";
				INFOPLIST_KEY_UISupportedInterfaceOrientations_iPad = "UIInterfaceOrientationPortrait UIInterfaceOrientationPortraitUpsideDown UIInterfaceOrientationLandscapeLeft UIInterfaceOrientationLandscapeRight";
				INFOPLIST_KEY_UISupportedInterfaceOrientations_iPhone = "UIInterfaceOrientationPortrait UIInterfaceOrientationLandscapeLeft UIInterfaceOrientationLandscapeRight";
				LD_RUNPATH_SEARCH_PATHS = (
					"$(inherited)",
					"@executable_path/Frameworks",
				);
				MARKETING_VERSION = 1.0;
				PRODUCT_BUNDLE_IDENTIFIER = clevertec.volkov.task4;
				PRODUCT_NAME = "$(TARGET_NAME)";
				SWIFT_EMIT_LOC_STRINGS = YES;
				SWIFT_VERSION = 5.0;
				TARGETED_DEVICE_FAMILY = "1,2";
			};
			name = Debug;
		};
		A8E5F933295C3C2900B18A0B /* Release */ = {
			isa = XCBuildConfiguration;
			baseConfigurationReference = E79DBE25C6842647A6282583 /* Pods-task4.release.xcconfig */;
			buildSettings = {
				ASSETCATALOG_COMPILER_APPICON_NAME = AppIcon;
				ASSETCATALOG_COMPILER_GLOBAL_ACCENT_COLOR_NAME = AccentColor;
				CODE_SIGN_STYLE = Automatic;
				CURRENT_PROJECT_VERSION = 1;
				GENERATE_INFOPLIST_FILE = YES;
				INFOPLIST_FILE = "task4/Supporting files/Info.plist";
				INFOPLIST_KEY_UIApplicationSupportsIndirectInputEvents = YES;
				INFOPLIST_KEY_UILaunchStoryboardName = LaunchScreen;
				INFOPLIST_KEY_UIMainStoryboardFile = "";
				INFOPLIST_KEY_UISupportedInterfaceOrientations_iPad = "UIInterfaceOrientationPortrait UIInterfaceOrientationPortraitUpsideDown UIInterfaceOrientationLandscapeLeft UIInterfaceOrientationLandscapeRight";
				INFOPLIST_KEY_UISupportedInterfaceOrientations_iPhone = "UIInterfaceOrientationPortrait UIInterfaceOrientationLandscapeLeft UIInterfaceOrientationLandscapeRight";
				LD_RUNPATH_SEARCH_PATHS = (
					"$(inherited)",
					"@executable_path/Frameworks",
				);
				MARKETING_VERSION = 1.0;
				PRODUCT_BUNDLE_IDENTIFIER = clevertec.volkov.task4;
				PRODUCT_NAME = "$(TARGET_NAME)";
				SWIFT_EMIT_LOC_STRINGS = YES;
				SWIFT_VERSION = 5.0;
				TARGETED_DEVICE_FAMILY = "1,2";
			};
			name = Release;
		};
/* End XCBuildConfiguration section */

/* Begin XCConfigurationList section */
		A8E5F918295C3C2700B18A0B /* Build configuration list for PBXProject "task4" */ = {
			isa = XCConfigurationList;
			buildConfigurations = (
				A8E5F92F295C3C2900B18A0B /* Debug */,
				A8E5F930295C3C2900B18A0B /* Release */,
			);
			defaultConfigurationIsVisible = 0;
			defaultConfigurationName = Release;
		};
		A8E5F931295C3C2900B18A0B /* Build configuration list for PBXNativeTarget "task4" */ = {
			isa = XCConfigurationList;
			buildConfigurations = (
				A8E5F932295C3C2900B18A0B /* Debug */,
				A8E5F933295C3C2900B18A0B /* Release */,
			);
			defaultConfigurationIsVisible = 0;
			defaultConfigurationName = Release;
		};
/* End XCConfigurationList section */
	};
	rootObject = A8E5F915295C3C2700B18A0B /* Project object */;
}
